
Microsoft Visual Studio Solution File, Format Version 12.00
# Visual Studio Version 17
VisualStudioVersion = 17.10.35004.147
MinimumVisualStudioVersion = 10.0.40219.1
Project("{FAE04EC0-301F-11D3-BF4B-00C04F79EFBC}") = "ExampleSeliwareUI", "ExampleSeliwareUI.csproj", "{CA4DACE8-8A78-4BF9-ABE0-C619305879C6}"
EndProject
Global
	GlobalSection(SolutionConfigurationPlatforms) = preSolution
		Debug|Any CPU = Debug|Any CPU
		Debug|x64 = Debug|x64
		Release|Any CPU = Release|Any CPU
		Release|x64 = Release|x64
	EndGlobalSection
	GlobalSection(ProjectConfigurationPlatforms) = postSolution
		{CA4DACE8-8A78-4BF9-ABE0-C619305879C6}.Debug|Any CPU.ActiveCfg = Debug|Any CPU
		{CA4DACE8-8A78-4BF9-ABE0-C619305879C6}.Debug|Any CPU.Build.0 = Debug|Any CPU
		{CA4DACE8-8A78-4BF9-ABE0-C619305879C6}.Debug|x64.ActiveCfg = Debug|x64
		{CA4DACE8-8A78-4BF9-ABE0-C619305879C6}.Debug|x64.Build.0 = Debug|x64
		{CA4DACE8-8A78-4BF9-ABE0-C619305879C6}.Release|Any CPU.ActiveCfg = Release|Any CPU
		{CA4DACE8-8A78-4BF9-ABE0-C619305879C6}.Release|Any CPU.Build.0 = Release|Any CPU
		{CA4DACE8-8A78-4BF9-ABE0-C619305879C6}.Release|x64.ActiveCfg = Release|x64
		{CA4DACE8-8A78-4BF9-ABE0-C619305879C6}.Release|x64.Build.0 = Release|x64
	EndGlobalSection
	GlobalSection(SolutionProperties) = preSolution
		HideSolutionNode = FALSE
	EndGlobalSection
	GlobalSection(ExtensibilityGlobals) = postSolution
		SolutionGuid = {FA82B0AD-8FE3-4344-9C9D-737D14B73402}
	EndGlobalSection
EndGlobal
